Microsoft Visual Studio Solution File, Format Version 12.00
# Visual Studio Version 17
VisualStudioVersion = 17.5.2.0
MinimumVisualStudioVersion = 10.0.40219.1
Project("{FAE04EC0-301F-11D3-BF4B-00C04F79EFBC}") = "14.01.2025", "14.01.2025.csproj", "{B9A1DFD6-A003-A1FC-F10E-0111C60DB821}"
EndProject
Global
	GlobalSection(SolutionConfigurationPlatforms) = preSolution
		Debug|Any CPU = Debug|Any CPU
		Release|Any CPU = Release|Any CPU
	EndGlobalSection
	GlobalSection(ProjectConfigurationPlatforms) = postSolution
		{B9A1DFD6-A003-A1FC-F10E-0111C60DB821}.Debug|Any CPU.ActiveCfg = Debug|Any CPU
		{B9A1DFD6-A003-A1FC-F10E-0111C60DB821}.Debug|Any CPU.Build.0 = Debug|Any CPU
		{B9A1DFD6-A003-A1FC-F10E-0111C60DB821}.Release|Any CPU.ActiveCfg = Release|Any CPU
		{B9A1DFD6-A003-A1FC-F10E-0111C60DB821}.Release|Any CPU.Build.0 = Release|Any CPU
	EndGlobalSection
	GlobalSection(SolutionProperties) = preSolution
		HideSolutionNode = FALSE
	EndGlobalSection
	GlobalSection(ExtensibilityGlobals) = postSolution
		SolutionGuid = {77DC601F-052B-405B-9507-581CF932333E}
	EndGlobalSection
EndGlobal
