
Microsoft Visual Studio Solution File, Format Version 12.00
Project("{FAE04EC0-301F-11D3-BF4B-00C04F79EFBC}") = "ASP-les_proj", "ASP-les_proj\ASP-les_proj.csproj", "{0350052E-57C9-4233-9C72-A509FC82FB67}"
EndProject
Global
	GlobalSection(SolutionConfigurationPlatforms) = preSolution
		Debug|Any CPU = Debug|Any CPU
		Release|Any CPU = Release|Any CPU
	EndGlobalSection
	GlobalSection(ProjectConfigurationPlatforms) = postSolution
		{0350052E-57C9-4233-9C72-A509FC82FB67}.Debug|Any CPU.ActiveCfg = Debug|Any CPU
		{0350052E-57C9-4233-9C72-A509FC82FB67}.Debug|Any CPU.Build.0 = Debug|Any CPU
		{0350052E-57C9-4233-9C72-A509FC82FB67}.Release|Any CPU.ActiveCfg = Release|Any CPU
		{0350052E-57C9-4233-9C72-A509FC82FB67}.Release|Any CPU.Build.0 = Release|Any CPU
	EndGlobalSection
EndGlobal
