
Microsoft Visual Studio Solution File, Format Version 12.00
# Visual Studio Version 17
VisualStudioVersion = 17.5.002.0
MinimumVisualStudioVersion = 10.0.40219.1
Project("{9A19103F-16F7-4668-BE54-9A1E7A4F7556}") = "Homeworks", "Homeworks.csproj", "{05330011-A16B-4C9C-87E7-BEE3CBF27FE7}"
EndProject
Global
	GlobalSection(SolutionConfigurationPlatforms) = preSolution
		Debug|Any CPU = Debug|Any CPU
		Release|Any CPU = Release|Any CPU
	EndGlobalSection
	GlobalSection(ProjectConfigurationPlatforms) = postSolution
		{05330011-A16B-4C9C-87E7-BEE3CBF27FE7}.Debug|Any CPU.ActiveCfg = Debug|Any CPU
		{05330011-A16B-4C9C-87E7-BEE3CBF27FE7}.Debug|Any CPU.Build.0 = Debug|Any CPU
		{05330011-A16B-4C9C-87E7-BEE3CBF27FE7}.Release|Any CPU.ActiveCfg = Release|Any CPU
		{05330011-A16B-4C9C-87E7-BEE3CBF27FE7}.Release|Any CPU.Build.0 = Release|Any CPU
	EndGlobalSection
	GlobalSection(SolutionProperties) = preSolution
		HideSolutionNode = FALSE
	EndGlobalSection
	GlobalSection(ExtensibilityGlobals) = postSolution
		SolutionGuid = {0D77798E-010C-48D0-913A-1A088391C9F0}
	EndGlobalSection
EndGlobal
