Microsoft Visual Studio Solution File, Format Version 12.00
# Visual Studio Version 17
VisualStudioVersion = 17.5.2.0
MinimumVisualStudioVersion = 10.0.40219.1
Project("{FAE04EC0-301F-11D3-BF4B-00C04F79EFBC}") = "04.02.2025", "04.02.2025.csproj", "{B667CE8C-35D5-2C08-7046-1BB94820B110}"
EndProject
Global
	GlobalSection(SolutionConfigurationPlatforms) = preSolution
		Debug|Any CPU = Debug|Any CPU
		Release|Any CPU = Release|Any CPU
	EndGlobalSection
	GlobalSection(ProjectConfigurationPlatforms) = postSolution
		{B667CE8C-35D5-2C08-7046-1BB94820B110}.Debug|Any CPU.ActiveCfg = Debug|Any CPU
		{B667CE8C-35D5-2C08-7046-1BB94820B110}.Debug|Any CPU.Build.0 = Debug|Any CPU
		{B667CE8C-35D5-2C08-7046-1BB94820B110}.Release|Any CPU.ActiveCfg = Release|Any CPU
		{B667CE8C-35D5-2C08-7046-1BB94820B110}.Release|Any CPU.Build.0 = Release|Any CPU
	EndGlobalSection
	GlobalSection(SolutionProperties) = preSolution
		HideSolutionNode = FALSE
	EndGlobalSection
	GlobalSection(ExtensibilityGlobals) = postSolution
		SolutionGuid = {6045CAF7-6774-47D5-8C98-77B7BC360BAB}
	EndGlobalSection
EndGlobal
